
Microsoft Visual Studio Solution File, Format Version 12.00
# Visual Studio 15
VisualStudioVersion = 15.0.27703.2000
MinimumVisualStudioVersion = 10.0.40219.1
Project("{FAE04EC0-301F-11D3-BF4B-00C04F79EFBC}") = "SeamusHappyHut", "SeamusHappyHut\SeamusHappyHut.csproj", "{FF4C2FF2-9D17-43E2-A994-9BC3464343F3}"
EndProject
Global
	GlobalSection(SolutionConfigurationPlatforms) = preSolution
		Debug|Any CPU = Debug|Any CPU
		Release|Any CPU = Release|Any CPU
	EndGlobalSection
	GlobalSection(ProjectConfigurationPlatforms) = postSolution
		{FF4C2FF2-9D17-43E2-A994-9BC3464343F3}.Debug|Any CPU.ActiveCfg = Debug|Any CPU
		{FF4C2FF2-9D17-43E2-A994-9BC3464343F3}.Debug|Any CPU.Build.0 = Debug|Any CPU
		{FF4C2FF2-9D17-43E2-A994-9BC3464343F3}.Release|Any CPU.ActiveCfg = Release|Any CPU
		{FF4C2FF2-9D17-43E2-A994-9BC3464343F3}.Release|Any CPU.Build.0 = Release|Any CPU
	EndGlobalSection
	GlobalSection(SolutionProperties) = preSolution
		HideSolutionNode = FALSE
	EndGlobalSection
	GlobalSection(ExtensibilityGlobals) = postSolution
		SolutionGuid = {8821F19A-F40D-4DA8-8FDF-853901A05AC8}
	EndGlobalSection
EndGlobal
